
Microsoft Visual Studio Solution File, Format Version 12.00
# Visual Studio Version 17
VisualStudioVersion = 17.0.32126.317
MinimumVisualStudioVersion = 10.0.40219.1
Project("{9A19103F-16F7-4668-BE54-9A1E7A4F7556}") = "Scorganize", "Scorganize\Scorganize.csproj", "{DFA77B2E-6FA0-4E7E-9B12-6C7C3E370A60}"
EndProject
Global
	GlobalSection(SolutionConfigurationPlatforms) = preSolution
		All|Any CPU = All|Any CPU
		All|x86 = All|x86
		Debug|Any CPU = Debug|Any CPU
		Debug|x86 = Debug|x86
		Release|Any CPU = Release|Any CPU
		Release|x86 = Release|x86
	EndGlobalSection
	GlobalSection(ProjectConfigurationPlatforms) = postSolution
		{DFA77B2E-6FA0-4E7E-9B12-6C7C3E370A60}.All|Any CPU.ActiveCfg = Release|Any CPU
		{DFA77B2E-6FA0-4E7E-9B12-6C7C3E370A60}.All|Any CPU.Build.0 = Release|Any CPU
		{DFA77B2E-6FA0-4E7E-9B12-6C7C3E370A60}.All|x86.ActiveCfg = Release|Any CPU
		{DFA77B2E-6FA0-4E7E-9B12-6C7C3E370A60}.All|x86.Build.0 = Release|Any CPU
		{DFA77B2E-6FA0-4E7E-9B12-6C7C3E370A60}.Debug|Any CPU.ActiveCfg = Debug|Any CPU
		{DFA77B2E-6FA0-4E7E-9B12-6C7C3E370A60}.Debug|Any CPU.Build.0 = Debug|Any CPU
		{DFA77B2E-6FA0-4E7E-9B12-6C7C3E370A60}.Debug|x86.ActiveCfg = Debug|Any CPU
		{DFA77B2E-6FA0-4E7E-9B12-6C7C3E370A60}.Debug|x86.Build.0 = Debug|Any CPU
		{DFA77B2E-6FA0-4E7E-9B12-6C7C3E370A60}.Release|Any CPU.ActiveCfg = Release|Any CPU
		{DFA77B2E-6FA0-4E7E-9B12-6C7C3E370A60}.Release|Any CPU.Build.0 = Release|Any CPU
		{DFA77B2E-6FA0-4E7E-9B12-6C7C3E370A60}.Release|x86.ActiveCfg = Release|Any CPU
		{DFA77B2E-6FA0-4E7E-9B12-6C7C3E370A60}.Release|x86.Build.0 = Release|Any CPU
	EndGlobalSection
	GlobalSection(SolutionProperties) = preSolution
		HideSolutionNode = FALSE
	EndGlobalSection
	GlobalSection(ExtensibilityGlobals) = postSolution
		SolutionGuid = {7C4D8B5E-C911-433C-B16D-C6EEAB994631}
	EndGlobalSection
EndGlobal
