
Microsoft Visual Studio Solution File, Format Version 12.00
# Visual Studio Version 17
VisualStudioVersion = 17.0.32126.317
MinimumVisualStudioVersion = 10.0.40219.1
Project("{FAE04EC0-301F-11D3-BF4B-00C04F79EFBC}") = "Scorganize", "Scorganize\Scorganize.csproj", "{DFA77B2E-6FA0-4E7E-9B12-6C7C3E370A60}"
EndProject
Global
	GlobalSection(SolutionConfigurationPlatforms) = preSolution
		Debug|Any CPU = Debug|Any CPU
		Release|Any CPU = Release|Any CPU
	EndGlobalSection
	GlobalSection(ProjectConfigurationPlatforms) = postSolution
		{DFA77B2E-6FA0-4E7E-9B12-6C7C3E370A60}.Debug|Any CPU.ActiveCfg = Debug|Any CPU
		{DFA77B2E-6FA0-4E7E-9B12-6C7C3E370A60}.Debug|Any CPU.Build.0 = Debug|Any CPU
		{DFA77B2E-6FA0-4E7E-9B12-6C7C3E370A60}.Release|Any CPU.ActiveCfg = Release|Any CPU
		{DFA77B2E-6FA0-4E7E-9B12-6C7C3E370A60}.Release|Any CPU.Build.0 = Release|Any CPU
	EndGlobalSection
	GlobalSection(SolutionProperties) = preSolution
		HideSolutionNode = FALSE
	EndGlobalSection
	GlobalSection(ExtensibilityGlobals) = postSolution
		SolutionGuid = {7C4D8B5E-C911-433C-B16D-C6EEAB994631}
	EndGlobalSection
EndGlobal
